
Microsoft Visual Studio Solution File, Format Version 12.00
# Visual Studio Version 17
VisualStudioVersion = 17.1.32407.343
MinimumVisualStudioVersion = 10.0.40219.1
Project("{FAE04EC0-301F-11D3-BF4B-00C04F79EFBC}") = "ContosoPizza", "ContosoPizza\ContosoPizza.csproj", "{FAF68610-EEBA-4EBC-990D-802517296830}"
EndProject
Global
	GlobalSection(SolutionConfigurationPlatforms) = preSolution
		Debug|Any CPU = Debug|Any CPU
		Release|Any CPU = Release|Any CPU
	EndGlobalSection
	GlobalSection(ProjectConfigurationPlatforms) = postSolution
		{FAF68610-EEBA-4EBC-990D-802517296830}.Debug|Any CPU.ActiveCfg = Debug|Any CPU
		{FAF68610-EEBA-4EBC-990D-802517296830}.Debug|Any CPU.Build.0 = Debug|Any CPU
		{FAF68610-EEBA-4EBC-990D-802517296830}.Release|Any CPU.ActiveCfg = Release|Any CPU
		{FAF68610-EEBA-4EBC-990D-802517296830}.Release|Any CPU.Build.0 = Release|Any CPU
	EndGlobalSection
	GlobalSection(SolutionProperties) = preSolution
		HideSolutionNode = FALSE
	EndGlobalSection
	GlobalSection(ExtensibilityGlobals) = postSolution
		SolutionGuid = {611EBF81-2B8F-41BE-8F82-7981050A0CCD}
	EndGlobalSection
EndGlobal
